
Microsoft Visual Studio Solution File, Format Version 12.00
# Visual Studio Version 16
VisualStudioVersion = 16.0.29111.141
MinimumVisualStudioVersion = 15.0.26124.0
Project("{2150E333-8FDC-42A3-9474-1A3956D46DE8}") = "src", "src", "{A8B950B0-66F3-4FBA-BB1E-0DFDFD9CE102}"
EndProject
Project("{9A19103F-16F7-4668-BE54-9A1E7A4F7556}") = "KeyCloak.NetCore", "src\keycloak.netcore\KeyCloak.NetCore.csproj", "{BF8AEBF8-2C2C-445D-867A-FDFB2BB4FBEE}"
EndProject
Project("{9A19103F-16F7-4668-BE54-9A1E7A4F7556}") = "Keycloak.NetCore.Tests", "src\keycloak.netcore.Tests\Keycloak.NetCore.Tests.csproj", "{C406C6D5-1DF8-448B-A123-55A14D51BBE2}"
EndProject
Project("{9A19103F-16F7-4668-BE54-9A1E7A4F7556}") = "Keycloak.ApiClient", "src\Keycloak.ApiClient\Keycloak.ApiClient.csproj", "{D230AF5F-EB90-492D-927B-0614530EA31F}"
EndProject
Project("{E53339B2-1760-4266-BCC7-CA923CBCF16C}") = "docker-compose", "docker-compose.dcproj", "{9D346756-E6B3-4A59-B8EC-1B716BAC50E3}"
EndProject
Global
	GlobalSection(SolutionConfigurationPlatforms) = preSolution
		Debug|Any CPU = Debug|Any CPU
		Debug|x64 = Debug|x64
		Debug|x86 = Debug|x86
		Release|Any CPU = Release|Any CPU
		Release|x64 = Release|x64
		Release|x86 = Release|x86
	EndGlobalSection
	GlobalSection(ProjectConfigurationPlatforms) = postSolution
		{BF8AEBF8-2C2C-445D-867A-FDFB2BB4FBEE}.Debug|Any CPU.ActiveCfg = Debug|Any CPU
		{BF8AEBF8-2C2C-445D-867A-FDFB2BB4FBEE}.Debug|Any CPU.Build.0 = Debug|Any CPU
		{BF8AEBF8-2C2C-445D-867A-FDFB2BB4FBEE}.Debug|x64.ActiveCfg = Debug|Any CPU
		{BF8AEBF8-2C2C-445D-867A-FDFB2BB4FBEE}.Debug|x64.Build.0 = Debug|Any CPU
		{BF8AEBF8-2C2C-445D-867A-FDFB2BB4FBEE}.Debug|x86.ActiveCfg = Debug|Any CPU
		{BF8AEBF8-2C2C-445D-867A-FDFB2BB4FBEE}.Debug|x86.Build.0 = Debug|Any CPU
		{BF8AEBF8-2C2C-445D-867A-FDFB2BB4FBEE}.Release|Any CPU.ActiveCfg = Release|Any CPU
		{BF8AEBF8-2C2C-445D-867A-FDFB2BB4FBEE}.Release|Any CPU.Build.0 = Release|Any CPU
		{BF8AEBF8-2C2C-445D-867A-FDFB2BB4FBEE}.Release|x64.ActiveCfg = Release|Any CPU
		{BF8AEBF8-2C2C-445D-867A-FDFB2BB4FBEE}.Release|x64.Build.0 = Release|Any CPU
		{BF8AEBF8-2C2C-445D-867A-FDFB2BB4FBEE}.Release|x86.ActiveCfg = Release|Any CPU
		{BF8AEBF8-2C2C-445D-867A-FDFB2BB4FBEE}.Release|x86.Build.0 = Release|Any CPU
		{C406C6D5-1DF8-448B-A123-55A14D51BBE2}.Debug|Any CPU.ActiveCfg = Debug|Any CPU
		{C406C6D5-1DF8-448B-A123-55A14D51BBE2}.Debug|Any CPU.Build.0 = Debug|Any CPU
		{C406C6D5-1DF8-448B-A123-55A14D51BBE2}.Debug|x64.ActiveCfg = Debug|Any CPU
		{C406C6D5-1DF8-448B-A123-55A14D51BBE2}.Debug|x64.Build.0 = Debug|Any CPU
		{C406C6D5-1DF8-448B-A123-55A14D51BBE2}.Debug|x86.ActiveCfg = Debug|Any CPU
		{C406C6D5-1DF8-448B-A123-55A14D51BBE2}.Debug|x86.Build.0 = Debug|Any CPU
		{C406C6D5-1DF8-448B-A123-55A14D51BBE2}.Release|Any CPU.ActiveCfg = Release|Any CPU
		{C406C6D5-1DF8-448B-A123-55A14D51BBE2}.Release|Any CPU.Build.0 = Release|Any CPU
		{C406C6D5-1DF8-448B-A123-55A14D51BBE2}.Release|x64.ActiveCfg = Release|Any CPU
		{C406C6D5-1DF8-448B-A123-55A14D51BBE2}.Release|x64.Build.0 = Release|Any CPU
		{C406C6D5-1DF8-448B-A123-55A14D51BBE2}.Release|x86.ActiveCfg = Release|Any CPU
		{C406C6D5-1DF8-448B-A123-55A14D51BBE2}.Release|x86.Build.0 = Release|Any CPU
		{D230AF5F-EB90-492D-927B-0614530EA31F}.Debug|Any CPU.ActiveCfg = Debug|Any CPU
		{D230AF5F-EB90-492D-927B-0614530EA31F}.Debug|Any CPU.Build.0 = Debug|Any CPU
		{D230AF5F-EB90-492D-927B-0614530EA31F}.Debug|x64.ActiveCfg = Debug|Any CPU
		{D230AF5F-EB90-492D-927B-0614530EA31F}.Debug|x64.Build.0 = Debug|Any CPU
		{D230AF5F-EB90-492D-927B-0614530EA31F}.Debug|x86.ActiveCfg = Debug|Any CPU
		{D230AF5F-EB90-492D-927B-0614530EA31F}.Debug|x86.Build.0 = Debug|Any CPU
		{D230AF5F-EB90-492D-927B-0614530EA31F}.Release|Any CPU.ActiveCfg = Release|Any CPU
		{D230AF5F-EB90-492D-927B-0614530EA31F}.Release|Any CPU.Build.0 = Release|Any CPU
		{D230AF5F-EB90-492D-927B-0614530EA31F}.Release|x64.ActiveCfg = Release|Any CPU
		{D230AF5F-EB90-492D-927B-0614530EA31F}.Release|x64.Build.0 = Release|Any CPU
		{D230AF5F-EB90-492D-927B-0614530EA31F}.Release|x86.ActiveCfg = Release|Any CPU
		{D230AF5F-EB90-492D-927B-0614530EA31F}.Release|x86.Build.0 = Release|Any CPU
		{9D346756-E6B3-4A59-B8EC-1B716BAC50E3}.Debug|Any CPU.ActiveCfg = Debug|Any CPU
		{9D346756-E6B3-4A59-B8EC-1B716BAC50E3}.Debug|Any CPU.Build.0 = Debug|Any CPU
		{9D346756-E6B3-4A59-B8EC-1B716BAC50E3}.Debug|x64.ActiveCfg = Debug|Any CPU
		{9D346756-E6B3-4A59-B8EC-1B716BAC50E3}.Debug|x64.Build.0 = Debug|Any CPU
		{9D346756-E6B3-4A59-B8EC-1B716BAC50E3}.Debug|x86.ActiveCfg = Debug|Any CPU
		{9D346756-E6B3-4A59-B8EC-1B716BAC50E3}.Debug|x86.Build.0 = Debug|Any CPU
		{9D346756-E6B3-4A59-B8EC-1B716BAC50E3}.Release|Any CPU.ActiveCfg = Release|Any CPU
		{9D346756-E6B3-4A59-B8EC-1B716BAC50E3}.Release|Any CPU.Build.0 = Release|Any CPU
		{9D346756-E6B3-4A59-B8EC-1B716BAC50E3}.Release|x64.ActiveCfg = Release|Any CPU
		{9D346756-E6B3-4A59-B8EC-1B716BAC50E3}.Release|x64.Build.0 = Release|Any CPU
		{9D346756-E6B3-4A59-B8EC-1B716BAC50E3}.Release|x86.ActiveCfg = Release|Any CPU
		{9D346756-E6B3-4A59-B8EC-1B716BAC50E3}.Release|x86.Build.0 = Release|Any CPU
	EndGlobalSection
	GlobalSection(SolutionProperties) = preSolution
		HideSolutionNode = FALSE
	EndGlobalSection
	GlobalSection(NestedProjects) = preSolution
		{BF8AEBF8-2C2C-445D-867A-FDFB2BB4FBEE} = {A8B950B0-66F3-4FBA-BB1E-0DFDFD9CE102}
		{C406C6D5-1DF8-448B-A123-55A14D51BBE2} = {A8B950B0-66F3-4FBA-BB1E-0DFDFD9CE102}
		{D230AF5F-EB90-492D-927B-0614530EA31F} = {A8B950B0-66F3-4FBA-BB1E-0DFDFD9CE102}
	EndGlobalSection
	GlobalSection(ExtensibilityGlobals) = postSolution
		SolutionGuid = {B3196FFA-732E-4399-890A-90DFBBB20F9C}
	EndGlobalSection
EndGlobal
